
Microsoft Visual Studio Solution File, Format Version 12.00
# Visual Studio Version 16
VisualStudioVersion = 16.0.32413.511
MinimumVisualStudioVersion = 10.0.40219.1
Project("{2150E333-8FDC-42A3-9474-1A3956D46DE8}") = "CapasBase", "CapasBase", "{C57471A1-77CE-4659-B14D-C8467501AB45}"
EndProject
Project("{2150E333-8FDC-42A3-9474-1A3956D46DE8}") = "AppMovil", "AppMovil", "{6C229E2E-9382-494B-AAB7-46D8D8800942}"
EndProject
Project("{2150E333-8FDC-42A3-9474-1A3956D46DE8}") = "Escritorio", "Escritorio", "{91FE2FD2-E89D-48C8-A081-BC6A16CE37BB}"
EndProject
Project("{2150E333-8FDC-42A3-9474-1A3956D46DE8}") = "WebApi", "WebApi", "{F15DD87B-879F-43E5-A511-54BB177DB65D}"
EndProject
Project("{9A19103F-16F7-4668-BE54-9A1E7A4F7556}") = "CoffeApp.COMMON", "CoffeApp.COMMON\CoffeApp.COMMON.csproj", "{FB7AC108-5E51-4E19-A526-C088EEBFFDB9}"
EndProject
Project("{9A19103F-16F7-4668-BE54-9A1E7A4F7556}") = "CoffeApp.DAL.MSSQL", "CoffeApp.DAL.MSSQL\CoffeApp.DAL.MSSQL.csproj", "{F36BC06B-108A-4F9D-A00E-BFD3FFE1A0DF}"
EndProject
Project("{9A19103F-16F7-4668-BE54-9A1E7A4F7556}") = "CoffeApp.BIZ", "CoffeApp.BIZ\CoffeApp.BIZ.csproj", "{EEDE407D-A062-47D2-914A-D7ABF9553E29}"
EndProject
Project("{2150E333-8FDC-42A3-9474-1A3956D46DE8}") = "PruebasUnt", "PruebasUnt", "{460B50FE-75BF-47A5-A6D5-36640AC35635}"
EndProject
Project("{FAE04EC0-301F-11D3-BF4B-00C04F79EFBC}") = "CoffeApp.Test.DALL.MSSQL", "CoffeApp.Test.DALL.MSSQL\CoffeApp.Test.DALL.MSSQL.csproj", "{0ABFF41B-D8E5-471A-A0F0-9B9FBD813EAA}"
EndProject
Project("{FAE04EC0-301F-11D3-BF4B-00C04F79EFBC}") = "CoffeApp.WebApi", "CoffeApp.WebApi\CoffeApp.WebApi.csproj", "{FEB96946-774E-4D5D-8A2E-52AD2C153848}"
EndProject
Global
	GlobalSection(SolutionConfigurationPlatforms) = preSolution
		Debug|Any CPU = Debug|Any CPU
		Release|Any CPU = Release|Any CPU
	EndGlobalSection
	GlobalSection(ProjectConfigurationPlatforms) = postSolution
		{FB7AC108-5E51-4E19-A526-C088EEBFFDB9}.Debug|Any CPU.ActiveCfg = Debug|Any CPU
		{FB7AC108-5E51-4E19-A526-C088EEBFFDB9}.Debug|Any CPU.Build.0 = Debug|Any CPU
		{FB7AC108-5E51-4E19-A526-C088EEBFFDB9}.Release|Any CPU.ActiveCfg = Release|Any CPU
		{FB7AC108-5E51-4E19-A526-C088EEBFFDB9}.Release|Any CPU.Build.0 = Release|Any CPU
		{F36BC06B-108A-4F9D-A00E-BFD3FFE1A0DF}.Debug|Any CPU.ActiveCfg = Debug|Any CPU
		{F36BC06B-108A-4F9D-A00E-BFD3FFE1A0DF}.Debug|Any CPU.Build.0 = Debug|Any CPU
		{F36BC06B-108A-4F9D-A00E-BFD3FFE1A0DF}.Release|Any CPU.ActiveCfg = Release|Any CPU
		{F36BC06B-108A-4F9D-A00E-BFD3FFE1A0DF}.Release|Any CPU.Build.0 = Release|Any CPU
		{EEDE407D-A062-47D2-914A-D7ABF9553E29}.Debug|Any CPU.ActiveCfg = Debug|Any CPU
		{EEDE407D-A062-47D2-914A-D7ABF9553E29}.Debug|Any CPU.Build.0 = Debug|Any CPU
		{EEDE407D-A062-47D2-914A-D7ABF9553E29}.Release|Any CPU.ActiveCfg = Release|Any CPU
		{EEDE407D-A062-47D2-914A-D7ABF9553E29}.Release|Any CPU.Build.0 = Release|Any CPU
		{0ABFF41B-D8E5-471A-A0F0-9B9FBD813EAA}.Debug|Any CPU.ActiveCfg = Debug|Any CPU
		{0ABFF41B-D8E5-471A-A0F0-9B9FBD813EAA}.Debug|Any CPU.Build.0 = Debug|Any CPU
		{0ABFF41B-D8E5-471A-A0F0-9B9FBD813EAA}.Release|Any CPU.ActiveCfg = Release|Any CPU
		{0ABFF41B-D8E5-471A-A0F0-9B9FBD813EAA}.Release|Any CPU.Build.0 = Release|Any CPU
		{FEB96946-774E-4D5D-8A2E-52AD2C153848}.Debug|Any CPU.ActiveCfg = Debug|Any CPU
		{FEB96946-774E-4D5D-8A2E-52AD2C153848}.Debug|Any CPU.Build.0 = Debug|Any CPU
		{FEB96946-774E-4D5D-8A2E-52AD2C153848}.Release|Any CPU.ActiveCfg = Release|Any CPU
		{FEB96946-774E-4D5D-8A2E-52AD2C153848}.Release|Any CPU.Build.0 = Release|Any CPU
	EndGlobalSection
	GlobalSection(SolutionProperties) = preSolution
		HideSolutionNode = FALSE
	EndGlobalSection
	GlobalSection(NestedProjects) = preSolution
		{FB7AC108-5E51-4E19-A526-C088EEBFFDB9} = {C57471A1-77CE-4659-B14D-C8467501AB45}
		{F36BC06B-108A-4F9D-A00E-BFD3FFE1A0DF} = {C57471A1-77CE-4659-B14D-C8467501AB45}
		{EEDE407D-A062-47D2-914A-D7ABF9553E29} = {C57471A1-77CE-4659-B14D-C8467501AB45}
		{0ABFF41B-D8E5-471A-A0F0-9B9FBD813EAA} = {460B50FE-75BF-47A5-A6D5-36640AC35635}
		{FEB96946-774E-4D5D-8A2E-52AD2C153848} = {F15DD87B-879F-43E5-A511-54BB177DB65D}
	EndGlobalSection
	GlobalSection(ExtensibilityGlobals) = postSolution
		SolutionGuid = {7CF87B2A-EA2E-4E2D-B37A-8510AE5A834A}
	EndGlobalSection
EndGlobal
